
Microsoft Visual Studio Solution File, Format Version 12.00
# Visual Studio Version 17
VisualStudioVersion = 17.3.32901.215
MinimumVisualStudioVersion = 10.0.40219.1
Project("{FAE04EC0-301F-11D3-BF4B-00C04F79EFBC}") = "EcommAPI", "EcommAPI\EcommAPI.csproj", "{D567CB1D-01FA-4602-B9DC-06CFB54B5A70}"
EndProject
Global
	GlobalSection(SolutionConfigurationPlatforms) = preSolution
		Debug|Any CPU = Debug|Any CPU
		Release|Any CPU = Release|Any CPU
	EndGlobalSection
	GlobalSection(ProjectConfigurationPlatforms) = postSolution
		{D567CB1D-01FA-4602-B9DC-06CFB54B5A70}.Debug|Any CPU.ActiveCfg = Debug|Any CPU
		{D567CB1D-01FA-4602-B9DC-06CFB54B5A70}.Debug|Any CPU.Build.0 = Debug|Any CPU
		{D567CB1D-01FA-4602-B9DC-06CFB54B5A70}.Release|Any CPU.ActiveCfg = Release|Any CPU
		{D567CB1D-01FA-4602-B9DC-06CFB54B5A70}.Release|Any CPU.Build.0 = Release|Any CPU
	EndGlobalSection
	GlobalSection(SolutionProperties) = preSolution
		HideSolutionNode = FALSE
	EndGlobalSection
	GlobalSection(ExtensibilityGlobals) = postSolution
		SolutionGuid = {687EC5D6-DCEE-4E02-A939-AB7F90C96390}
	EndGlobalSection
EndGlobal
